# THIS IS AN AUTOGENERATED FILE. DO NOT EDIT THIS FILE DIRECTLY.
# yarn lockfile v1


typo-js@^1.1.0:
  version "1.1.0"
  resolved "https://registry.yarnpkg.com/typo-js/-/typo-js-1.1.0.tgz#a5a9f592bcb453666bf70c9694da58705d025ed8"
  integrity sha512-W3kLbx+ML9PBl5Bzso/lTvVxk4BCveSNAtQeht59FEtxCdGThmn6wSHA4Xq3eQYAK24NHdisMM4JmsK0GFy/pg==
